Microsoft Visual Studio Solution File, Format Version 12.00
# Visual Studio Version 17
VisualStudioVersion = 17.5.2.0
MinimumVisualStudioVersion = 10.0.40219.1
Project("{FAE04EC0-301F-11D3-BF4B-00C04F79EFBC}") = "DeviceFormApp", "DeviceFormApp.csproj", "{BEC9DC92-FFE0-C4A7-84CB-64B95A74BD5A}"
EndProject
Global
	GlobalSection(SolutionConfigurationPlatforms) = preSolution
		Debug|Any CPU = Debug|Any CPU
		Release|Any CPU = Release|Any CPU
	EndGlobalSection
	GlobalSection(ProjectConfigurationPlatforms) = postSolution
		{BEC9DC92-FFE0-C4A7-84CB-64B95A74BD5A}.Debug|Any CPU.ActiveCfg = Debug|Any CPU
		{BEC9DC92-FFE0-C4A7-84CB-64B95A74BD5A}.Debug|Any CPU.Build.0 = Debug|Any CPU
		{BEC9DC92-FFE0-C4A7-84CB-64B95A74BD5A}.Release|Any CPU.ActiveCfg = Release|Any CPU
		{BEC9DC92-FFE0-C4A7-84CB-64B95A74BD5A}.Release|Any CPU.Build.0 = Release|Any CPU
	EndGlobalSection
	GlobalSection(SolutionProperties) = preSolution
		HideSolutionNode = FALSE
	EndGlobalSection
	GlobalSection(ExtensibilityGlobals) = postSolution
		SolutionGuid = {FA4006AF-D2C7-4330-94F5-D6074627EC1B}
	EndGlobalSection
EndGlobal
